
Microsoft Visual Studio Solution File, Format Version 12.00
# Visual Studio Version 17
VisualStudioVersion = 17.0.31903.59
MinimumVisualStudioVersion = 10.0.40219.1
Project("{FAE04EC0-301F-11D3-BF4B-00C04F79EFBC}") = "LifeLink.Contracts", "LifeLink.Contracts\LifeLink.Contracts.csproj", "{4714D706-EE77-4E95-A4D6-47CF22DE3909}"
EndProject
Project("{FAE04EC0-301F-11D3-BF4B-00C04F79EFBC}") = "LifeLink", "LifeLink\LifeLink.csproj", "{AC09189C-5976-4313-AEDD-7B63A8662044}"
EndProject
Global
	GlobalSection(SolutionConfigurationPlatforms) = preSolution
		Debug|Any CPU = Debug|Any CPU
		Release|Any CPU = Release|Any CPU
	EndGlobalSection
	GlobalSection(SolutionProperties) = preSolution
		HideSolutionNode = FALSE
	EndGlobalSection
	GlobalSection(ProjectConfigurationPlatforms) = postSolution
		{4714D706-EE77-4E95-A4D6-47CF22DE3909}.Debug|Any CPU.ActiveCfg = Debug|Any CPU
		{4714D706-EE77-4E95-A4D6-47CF22DE3909}.Debug|Any CPU.Build.0 = Debug|Any CPU
		{4714D706-EE77-4E95-A4D6-47CF22DE3909}.Release|Any CPU.ActiveCfg = Release|Any CPU
		{4714D706-EE77-4E95-A4D6-47CF22DE3909}.Release|Any CPU.Build.0 = Release|Any CPU
		{AC09189C-5976-4313-AEDD-7B63A8662044}.Debug|Any CPU.ActiveCfg = Debug|Any CPU
		{AC09189C-5976-4313-AEDD-7B63A8662044}.Debug|Any CPU.Build.0 = Debug|Any CPU
		{AC09189C-5976-4313-AEDD-7B63A8662044}.Release|Any CPU.ActiveCfg = Release|Any CPU
		{AC09189C-5976-4313-AEDD-7B63A8662044}.Release|Any CPU.Build.0 = Release|Any CPU
	EndGlobalSection
EndGlobal
